
Microsoft Visual Studio Solution File, Format Version 12.00
# Visual Studio Version 17
VisualStudioVersion = 17.5.002.0
MinimumVisualStudioVersion = 10.0.40219.1
Project("{2150E333-8FDC-42A3-9474-1A3956D46DE8}") = "src", "src", "{4F6C981B-5612-43DD-8AF6-A2554BB8E613}"
EndProject
Project("{9A19103F-16F7-4668-BE54-9A1E7A4F7556}") = "Play.Identity.Service", "src\Play.Identity.Service\Play.Identity.Service.csproj", "{4B6C993B-8D8E-4D33-8B3F-20B146004DC1}"
EndProject
Global
	GlobalSection(SolutionConfigurationPlatforms) = preSolution
		Debug|Any CPU = Debug|Any CPU
		Release|Any CPU = Release|Any CPU
	EndGlobalSection
	GlobalSection(ProjectConfigurationPlatforms) = postSolution
		{4B6C993B-8D8E-4D33-8B3F-20B146004DC1}.Debug|Any CPU.ActiveCfg = Debug|Any CPU
		{4B6C993B-8D8E-4D33-8B3F-20B146004DC1}.Debug|Any CPU.Build.0 = Debug|Any CPU
		{4B6C993B-8D8E-4D33-8B3F-20B146004DC1}.Release|Any CPU.ActiveCfg = Release|Any CPU
		{4B6C993B-8D8E-4D33-8B3F-20B146004DC1}.Release|Any CPU.Build.0 = Release|Any CPU
	EndGlobalSection
	GlobalSection(SolutionProperties) = preSolution
		HideSolutionNode = FALSE
	EndGlobalSection
	GlobalSection(NestedProjects) = preSolution
		{4B6C993B-8D8E-4D33-8B3F-20B146004DC1} = {4F6C981B-5612-43DD-8AF6-A2554BB8E613}
	EndGlobalSection
	GlobalSection(ExtensibilityGlobals) = postSolution
		SolutionGuid = {6FF8829D-66CC-4960-BB32-FC6EF4F80A8E}
	EndGlobalSection
EndGlobal
